PODS:
  - CocoaAsyncSocket (7.6.3)
  - "NSData+FastHex (1.0.1)"
  - ObjectMapper (3.3.0)
  - XMRMiner (0.1.1):
    - CocoaAsyncSocket (~> 7.6)
    - "NSData+FastHex"
    - ObjectMapper (~> 3.0)

DEPENDENCIES:
  - XMRMiner (from `XMRMiner`)

SPEC REPOS:
  https://github.com/cocoapods/specs.git:
    - CocoaAsyncSocket
    - "NSData+FastHex"
    - ObjectMapper

EXTERNAL SOURCES:
  XMRMiner:
    :path: XMRMiner

SPEC CHECKSUMS:
  CocoaAsyncSocket: eafaa68a7e0ec99ead0a7b35015e0bf25d2c8987
  "NSData+FastHex": a22ad031ee10a4297d0bf4d20cf03406a4476169
  ObjectMapper: b612bf8c8e99c4dc0bb6013a51f7c27966ed5da9
  XMRMiner: 49e4a060e897ca985e1c545b88ac9c9b92880131

PODFILE CHECKSUM: cbda9b1d9fd2a48018eba94cc05cab300f720f66

COCOAPODS: 1.5.2
