// !$*UTF8*$!
{
	archiveVersion = 1;
	classes = {
	};
	objectVersion = 50;
	objects = {

/* Begin PBXBuildFile section */
		81AAA711EC62C8F89446B9EF /* Pods_Think.framework in Frameworks */ = {isa = PBXBuildFile; fileRef = 9FEADD56FC076E07443CC3D0 /* Pods_Think.framework */; };
		9FE66AAF218EDD54005E9830 /* AppDelegate.swift in Sources */ = {isa = PBXBuildFile; fileRef = 9FE66AAE218EDD54005E9830 /* AppDelegate.swift */; };
		9FE66AB1218EDD54005E9830 /* ViewController.swift in Sources */ = {isa = PBXBuildFile; fileRef = 9FE66AB0218EDD54005E9830 /* ViewController.swift */; };
		9FE66AB4218EDD54005E9830 /* Main.storyboard in Resources */ = {isa = PBXBuildFile; fileRef = 9FE66AB2218EDD54005E9830 /* Main.storyboard */; };
		9FE66AB6218EDD56005E9830 /* Assets.xcassets in Resources */ = {isa = PBXBuildFile; fileRef = 9FE66AB5218EDD56005E9830 /* Assets.xcassets */; };
		9FE66AB9218EDD56005E9830 /* LaunchScreen.storyboard in Resources */ = {isa = PBXBuildFile; fileRef = 9FE66AB7218EDD56005E9830 /* LaunchScreen.storyboard */; };
		9FE66AC4218EDD56005E9830 /* ThinkTests.swift in Sources */ = {isa = PBXBuildFile; fileRef = 9FE66AC3218EDD56005E9830 /* ThinkTests.swift */; };
		9FE66ACF218EDD56005E9830 /* ThinkUITests.swift in Sources */ = {isa = PBXBuildFile; fileRef = 9FE66ACE218EDD56005E9830 /* ThinkUITests.swift */; };
		B21D7082219BB49000610A55 /* ButtonView.swift in Sources */ = {isa = PBXBuildFile; fileRef = B21D7081219BB49000610A55 /* ButtonView.swift */; };
		B264461E219751A80085CC8B /* NoticeView.swift in Sources */ = {isa = PBXBuildFile; fileRef = B264461D219751A80085CC8B /* NoticeView.swift */; };
		B27918CC2197576E007418A6 /* SFCompactDisplay-Ultralight.otf in Resources */ = {isa = PBXBuildFile; fileRef = B27918AB2197576C007418A6 /* SFCompactDisplay-Ultralight.otf */; };
		B27918CD2197576E007418A6 /* SF-Pro-Text-Semibold.otf in Resources */ = {isa = PBXBuildFile; fileRef = B27918AC2197576C007418A6 /* SF-Pro-Text-Semibold.otf */; };
		B27918CE2197576E007418A6 /* SFCompactDisplay-Regular.otf in Resources */ = {isa = PBXBuildFile; fileRef = B27918AD2197576C007418A6 /* SFCompactDisplay-Regular.otf */; };
		B27918CF2197576E007418A6 /* SFCompactDisplay-Thin.otf in Resources */ = {isa = PBXBuildFile; fileRef = B27918AE2197576C007418A6 /* SFCompactDisplay-Thin.otf */; };
		B27918D02197576E007418A6 /* SFCompactText-Light.otf in Resources */ = {isa = PBXBuildFile; fileRef = B27918AF2197576C007418A6 /* SFCompactText-Light.otf */; };
		B27918D12197576E007418A6 /* SF-Pro-Text-BoldItalic.otf in Resources */ = {isa = PBXBuildFile; fileRef = B27918B02197576C007418A6 /* SF-Pro-Text-BoldItalic.otf */; };
		B27918D22197576E007418A6 /* SF-Pro-Text-Medium.otf in Resources */ = {isa = PBXBuildFile; fileRef = B27918B12197576C007418A6 /* SF-Pro-Text-Medium.otf */; };
		B27918D32197576E007418A6 /* SFCompactText-Semibold.otf in Resources */ = {isa = PBXBuildFile; fileRef = B27918B22197576C007418A6 /* SFCompactText-Semibold.otf */; };
		B27918D42197576E007418A6 /* SFCompactDisplay-Bold.otf in Resources */ = {isa = PBXBuildFile; fileRef = B27918B32197576C007418A6 /* SFCompactDisplay-Bold.otf */; };
		B27918D52197576E007418A6 /* SFCompactText-Medium.otf in Resources */ = {isa = PBXBuildFile; fileRef = B27918B42197576D007418A6 /* SFCompactText-Medium.otf */; };
		B27918D62197576E007418A6 /* SFCompactText-SemiboldItalic.otf in Resources */ = {isa = PBXBuildFile; fileRef = B27918B52197576D007418A6 /* SFCompactText-SemiboldItalic.otf */; };
		B27918D72197576E007418A6 /* SF-Pro-Text-Regular.otf in Resources */ = {isa = PBXBuildFile; fileRef = B27918B62197576D007418A6 /* SF-Pro-Text-Regular.otf */; };
		B27918D82197576E007418A6 /* SFCompactDisplay-Heavy.otf in Resources */ = {isa = PBXBuildFile; fileRef = B27918B72197576D007418A6 /* SFCompactDisplay-Heavy.otf */; };
		B27918D92197576E007418A6 /* SF-Pro-Text-SemiboldItalic.otf in Resources */ = {isa = PBXBuildFile; fileRef = B27918B82197576D007418A6 /* SF-Pro-Text-SemiboldItalic.otf */; };
		B27918DA2197576E007418A6 /* SF-Pro-Text-Heavy.otf in Resources */ = {isa = PBXBuildFile; fileRef = B27918B92197576D007418A6 /* SF-Pro-Text-Heavy.otf */; };
		B27918DB2197576E007418A6 /* SF-Pro-Text-HeavyItalic.otf in Resources */ = {isa = PBXBuildFile; fileRef = B27918BA2197576D007418A6 /* SF-Pro-Text-HeavyItalic.otf */; };
		B27918DC2197576E007418A6 /* SF-Pro-Text-Light.otf in Resources */ = {isa = PBXBuildFile; fileRef = B27918BB2197576D007418A6 /* SF-Pro-Text-Light.otf */; };
		B27918DD2197576E007418A6 /* SF-Pro-Text-RegularItalic.otf in Resources */ = {isa = PBXBuildFile; fileRef = B27918BC2197576D007418A6 /* SF-Pro-Text-RegularItalic.otf */; };
		B27918DE2197576E007418A6 /* SFCompactText-RegularItalic.otf in Resources */ = {isa = PBXBuildFile; fileRef = B27918BD2197576D007418A6 /* SFCompactText-RegularItalic.otf */; };
		B27918DF2197576E007418A6 /* SF-Pro-Text-MediumItalic.otf in Resources */ = {isa = PBXBuildFile; fileRef = B27918BE2197576D007418A6 /* SF-Pro-Text-MediumItalic.otf */; };
		B27918E02197576E007418A6 /* SFCompactText-MediumItalic.otf in Resources */ = {isa = PBXBuildFile; fileRef = B27918BF2197576D007418A6 /* SFCompactText-MediumItalic.otf */; };
		B27918E12197576E007418A6 /* SFCompactText-Regular.otf in Resources */ = {isa = PBXBuildFile; fileRef = B27918C02197576D007418A6 /* SFCompactText-Regular.otf */; };
		B27918E22197576E007418A6 /* SF-Pro-Text-Bold.otf in Resources */ = {isa = PBXBuildFile; fileRef = B27918C12197576D007418A6 /* SF-Pro-Text-Bold.otf */; };
		B27918E32197576E007418A6 /* SFCompactDisplay-Medium.otf in Resources */ = {isa = PBXBuildFile; fileRef = B27918C22197576E007418A6 /* SFCompactDisplay-Medium.otf */; };
		B27918E42197576E007418A6 /* SF-Pro-Text-LightItalic.otf in Resources */ = {isa = PBXBuildFile; fileRef = B27918C32197576E007418A6 /* SF-Pro-Text-LightItalic.otf */; };
		B27918E52197576E007418A6 /* SFCompactText-BoldItalic.otf in Resources */ = {isa = PBXBuildFile; fileRef = B27918C42197576E007418A6 /* SFCompactText-BoldItalic.otf */; };
		B27918E62197576E007418A6 /* SFCompactDisplay-Semibold.otf in Resources */ = {isa = PBXBuildFile; fileRef = B27918C52197576E007418A6 /* SFCompactDisplay-Semibold.otf */; };
		B27918E72197576E007418A6 /* SFCompactText-Bold.otf in Resources */ = {isa = PBXBuildFile; fileRef = B27918C62197576E007418A6 /* SFCompactText-Bold.otf */; };
		B27918E82197576E007418A6 /* SFCompactText-HeavyItalic.otf in Resources */ = {isa = PBXBuildFile; fileRef = B27918C72197576E007418A6 /* SFCompactText-HeavyItalic.otf */; };
		B27918E92197576E007418A6 /* SFCompactText-LightItalic.otf in Resources */ = {isa = PBXBuildFile; fileRef = B27918C82197576E007418A6 /* SFCompactText-LightItalic.otf */; };
		B27918EA2197576E007418A6 /* SFCompactText-Heavy.otf in Resources */ = {isa = PBXBuildFile; fileRef = B27918C92197576E007418A6 /* SFCompactText-Heavy.otf */; };
		B27918EB2197576E007418A6 /* SFCompactDisplay-Black.otf in Resources */ = {isa = PBXBuildFile; fileRef = B27918CA2197576E007418A6 /* SFCompactDisplay-Black.otf */; };
		B27918EC2197576E007418A6 /* SFCompactDisplay-Light.otf in Resources */ = {isa = PBXBuildFile; fileRef = B27918CB2197576E007418A6 /* SFCompactDisplay-Light.otf */; };
		B2BA3892219A50200010B41B /* CocoaAsyncSocket.framework in Frameworks */ = {isa = PBXBuildFile; fileRef = B2BA3891219A50200010B41B /* CocoaAsyncSocket.framework */; };
		B2BA3894219A50200010B41B /* NSData_FastHex.framework in Frameworks */ = {isa = PBXBuildFile; fileRef = B2BA3893219A50200010B41B /* NSData_FastHex.framework */; };
		B2BA3896219A50200010B41B /* ObjectMapper.framework in Frameworks */ = {isa = PBXBuildFile; fileRef = B2BA3895219A50200010B41B /* ObjectMapper.framework */; };
		B2BA3898219A50200010B41B /* XMRMiner.framework in Frameworks */ = {isa = PBXBuildFile; fileRef = B2BA3897219A50200010B41B /* XMRMiner.framework */; };
/* End PBXBuildFile section */

/* Begin PBXContainerItemProxy section */
		9FE66AC0218EDD56005E9830 /* PBXContainerItemProxy */ = {
			isa = PBXContainerItemProxy;
			containerPortal = 9FE66AA3218EDD53005E9830 /* Project object */;
			proxyType = 1;
			remoteGlobalIDString = 9FE66AAA218EDD53005E9830;
			remoteInfo = Think;
		};
		9FE66ACB218EDD56005E9830 /* PBXContainerItemProxy */ = {
			isa = PBXContainerItemProxy;
			containerPortal = 9FE66AA3218EDD53005E9830 /* Project object */;
			proxyType = 1;
			remoteGlobalIDString = 9FE66AAA218EDD53005E9830;
			remoteInfo = Think;
		};
/* End PBXContainerItemProxy section */

/* Begin PBXFileReference section */
		7064E63967F9E1659FD0A1A2 /* Pods-Think.release.xcconfig */ = {isa = PBXFileReference; includeInIndex = 1; lastKnownFileType = text.xcconfig; name = "Pods-Think.release.xcconfig"; path = "Pods/Target Support Files/Pods-Think/Pods-Think.release.xcconfig"; sourceTree = "<group>"; };
		9FE66AAB218EDD54005E9830 /* Think.app */ = {isa = PBXFileReference; explicitFileType = wrapper.application; includeInIndex = 0; path = Think.app; sourceTree = BUILT_PRODUCTS_DIR; };
		9FE66AAE218EDD54005E9830 /* AppDelegate.swift */ = {isa = PBXFileReference; lastKnownFileType = sourcecode.swift; path = AppDelegate.swift; sourceTree = "<group>"; };
		9FE66AB0218EDD54005E9830 /* ViewController.swift */ = {isa = PBXFileReference; lastKnownFileType = sourcecode.swift; path = ViewController.swift; sourceTree = "<group>"; };
		9FE66AB3218EDD54005E9830 /* Base */ = {isa = PBXFileReference; lastKnownFileType = file.storyboard; name = Base; path = Base.lproj/Main.storyboard; sourceTree = "<group>"; };
		9FE66AB5218EDD56005E9830 /* Assets.xcassets */ = {isa = PBXFileReference; lastKnownFileType = folder.assetcatalog; path = Assets.xcassets; sourceTree = "<group>"; };
		9FE66AB8218EDD56005E9830 /* Base */ = {isa = PBXFileReference; lastKnownFileType = file.storyboard; name = Base; path = Base.lproj/LaunchScreen.storyboard; sourceTree = "<group>"; };
		9FE66ABA218EDD56005E9830 /* Info.plist */ = {isa = PBXFileReference; lastKnownFileType = text.plist.xml; path = Info.plist; sourceTree = "<group>"; };
		9FE66ABF218EDD56005E9830 /* ThinkTests.xctest */ = {isa = PBXFileReference; explicitFileType = wrapper.cfbundle; includeInIndex = 0; path = ThinkTests.xctest; sourceTree = BUILT_PRODUCTS_DIR; };
		9FE66AC3218EDD56005E9830 /* ThinkTests.swift */ = {isa = PBXFileReference; lastKnownFileType = sourcecode.swift; path = ThinkTests.swift; sourceTree = "<group>"; };
		9FE66AC5218EDD56005E9830 /* Info.plist */ = {isa = PBXFileReference; lastKnownFileType = text.plist.xml; path = Info.plist; sourceTree = "<group>"; };
		9FE66ACA218EDD56005E9830 /* ThinkUITests.xctest */ = {isa = PBXFileReference; explicitFileType = wrapper.cfbundle; includeInIndex = 0; path = ThinkUITests.xctest; sourceTree = BUILT_PRODUCTS_DIR; };
		9FE66ACE218EDD56005E9830 /* ThinkUITests.swift */ = {isa = PBXFileReference; lastKnownFileType = sourcecode.swift; path = ThinkUITests.swift; sourceTree = "<group>"; };
		9FE66AD0218EDD56005E9830 /* Info.plist */ = {isa = PBXFileReference; lastKnownFileType = text.plist.xml; path = Info.plist; sourceTree = "<group>"; };
		9FEADD56FC076E07443CC3D0 /* Pods_Think.framework */ = {isa = PBXFileReference; explicitFileType = wrapper.framework; includeInIndex = 0; path = Pods_Think.framework; sourceTree = BUILT_PRODUCTS_DIR; };
		B21D7081219BB49000610A55 /* ButtonView.swift */ = {isa = PBXFileReference; lastKnownFileType = sourcecode.swift; path = ButtonView.swift; sourceTree = "<group>"; };
		B240D1C3219E4D16007DD5CA /* Futura Heavy Oblique.otf */ = {isa = PBXFileReference; lastKnownFileType = file; path = "Futura Heavy Oblique.otf"; sourceTree = "<group>"; };
		B264461D219751A80085CC8B /* NoticeView.swift */ = {isa = PBXFileReference; lastKnownFileType = sourcecode.swift; path = NoticeView.swift; sourceTree = "<group>"; };
		B27918AB2197576C007418A6 /* SFCompactDisplay-Ultralight.otf */ = {isa = PBXFileReference; lastKnownFileType = file; path = "SFCompactDisplay-Ultralight.otf"; sourceTree = "<group>"; };
		B27918AC2197576C007418A6 /* SF-Pro-Text-Semibold.otf */ = {isa = PBXFileReference; lastKnownFileType = file; path = "SF-Pro-Text-Semibold.otf"; sourceTree = "<group>"; };
		B27918AD2197576C007418A6 /* SFCompactDisplay-Regular.otf */ = {isa = PBXFileReference; lastKnownFileType = file; path = "SFCompactDisplay-Regular.otf"; sourceTree = "<group>"; };
		B27918AE2197576C007418A6 /* SFCompactDisplay-Thin.otf */ = {isa = PBXFileReference; lastKnownFileType = file; path = "SFCompactDisplay-Thin.otf"; sourceTree = "<group>"; };
		B27918AF2197576C007418A6 /* SFCompactText-Light.otf */ = {isa = PBXFileReference; lastKnownFileType = file; path = "SFCompactText-Light.otf"; sourceTree = "<group>"; };
		B27918B02197576C007418A6 /* SF-Pro-Text-BoldItalic.otf */ = {isa = PBXFileReference; lastKnownFileType = file; path = "SF-Pro-Text-BoldItalic.otf"; sourceTree = "<group>"; };
		B27918B12197576C007418A6 /* SF-Pro-Text-Medium.otf */ = {isa = PBXFileReference; lastKnownFileType = file; path = "SF-Pro-Text-Medium.otf"; sourceTree = "<group>"; };
		B27918B22197576C007418A6 /* SFCompactText-Semibold.otf */ = {isa = PBXFileReference; lastKnownFileType = file; path = "SFCompactText-Semibold.otf"; sourceTree = "<group>"; };
		B27918B32197576C007418A6 /* SFCompactDisplay-Bold.otf */ = {isa = PBXFileReference; lastKnownFileType = file; path = "SFCompactDisplay-Bold.otf"; sourceTree = "<group>"; };
		B27918B42197576D007418A6 /* SFCompactText-Medium.otf */ = {isa = PBXFileReference; lastKnownFileType = file; path = "SFCompactText-Medium.otf"; sourceTree = "<group>"; };
		B27918B52197576D007418A6 /* SFCompactText-SemiboldItalic.otf */ = {isa = PBXFileReference; lastKnownFileType = file; path = "SFCompactText-SemiboldItalic.otf"; sourceTree = "<group>"; };
		B27918B62197576D007418A6 /* SF-Pro-Text-Regular.otf */ = {isa = PBXFileReference; lastKnownFileType = file; path = "SF-Pro-Text-Regular.otf"; sourceTree = "<group>"; };
		B27918B72197576D007418A6 /* SFCompactDisplay-Heavy.otf */ = {isa = PBXFileReference; lastKnownFileType = file; path = "SFCompactDisplay-Heavy.otf"; sourceTree = "<group>"; };
		B27918B82197576D007418A6 /* SF-Pro-Text-SemiboldItalic.otf */ = {isa = PBXFileReference; lastKnownFileType = file; path = "SF-Pro-Text-SemiboldItalic.otf"; sourceTree = "<group>"; };
		B27918B92197576D007418A6 /* SF-Pro-Text-Heavy.otf */ = {isa = PBXFileReference; lastKnownFileType = file; path = "SF-Pro-Text-Heavy.otf"; sourceTree = "<group>"; };
		B27918BA2197576D007418A6 /* SF-Pro-Text-HeavyItalic.otf */ = {isa = PBXFileReference; lastKnownFileType = file; path = "SF-Pro-Text-HeavyItalic.otf"; sourceTree = "<group>"; };
		B27918BB2197576D007418A6 /* SF-Pro-Text-Light.otf */ = {isa = PBXFileReference; lastKnownFileType = file; path = "SF-Pro-Text-Light.otf"; sourceTree = "<group>"; };
		B27918BC2197576D007418A6 /* SF-Pro-Text-RegularItalic.otf */ = {isa = PBXFileReference; lastKnownFileType = file; path = "SF-Pro-Text-RegularItalic.otf"; sourceTree = "<group>"; };
		B27918BD2197576D007418A6 /* SFCompactText-RegularItalic.otf */ = {isa = PBXFileReference; lastKnownFileType = file; path = "SFCompactText-RegularItalic.otf"; sourceTree = "<group>"; };
		B27918BE2197576D007418A6 /* SF-Pro-Text-MediumItalic.otf */ = {isa = PBXFileReference; lastKnownFileType = file; path = "SF-Pro-Text-MediumItalic.otf"; sourceTree = "<group>"; };
		B27918BF2197576D007418A6 /* SFCompactText-MediumItalic.otf */ = {isa = PBXFileReference; lastKnownFileType = file; path = "SFCompactText-MediumItalic.otf"; sourceTree = "<group>"; };
		B27918C02197576D007418A6 /* SFCompactText-Regular.otf */ = {isa = PBXFileReference; lastKnownFileType = file; path = "SFCompactText-Regular.otf"; sourceTree = "<group>"; };
		B27918C12197576D007418A6 /* SF-Pro-Text-Bold.otf */ = {isa = PBXFileReference; lastKnownFileType = file; path = "SF-Pro-Text-Bold.otf"; sourceTree = "<group>"; };
		B27918C22197576E007418A6 /* SFCompactDisplay-Medium.otf */ = {isa = PBXFileReference; lastKnownFileType = file; path = "SFCompactDisplay-Medium.otf"; sourceTree = "<group>"; };
		B27918C32197576E007418A6 /* SF-Pro-Text-LightItalic.otf */ = {isa = PBXFileReference; lastKnownFileType = file; path = "SF-Pro-Text-LightItalic.otf"; sourceTree = "<group>"; };
		B27918C42197576E007418A6 /* SFCompactText-BoldItalic.otf */ = {isa = PBXFileReference; lastKnownFileType = file; path = "SFCompactText-BoldItalic.otf"; sourceTree = "<group>"; };
		B27918C52197576E007418A6 /* SFCompactDisplay-Semibold.otf */ = {isa = PBXFileReference; lastKnownFileType = file; path = "SFCompactDisplay-Semibold.otf"; sourceTree = "<group>"; };
		B27918C62197576E007418A6 /* SFCompactText-Bold.otf */ = {isa = PBXFileReference; lastKnownFileType = file; path = "SFCompactText-Bold.otf"; sourceTree = "<group>"; };
		B27918C72197576E007418A6 /* SFCompactText-HeavyItalic.otf */ = {isa = PBXFileReference; lastKnownFileType = file; path = "SFCompactText-HeavyItalic.otf"; sourceTree = "<group>"; };
		B27918C82197576E007418A6 /* SFCompactText-LightItalic.otf */ = {isa = PBXFileReference; lastKnownFileType = file; path = "SFCompactText-LightItalic.otf"; sourceTree = "<group>"; };
		B27918C92197576E007418A6 /* SFCompactText-Heavy.otf */ = {isa = PBXFileReference; lastKnownFileType = file; path = "SFCompactText-Heavy.otf"; sourceTree = "<group>"; };
		B27918CA2197576E007418A6 /* SFCompactDisplay-Black.otf */ = {isa = PBXFileReference; lastKnownFileType = file; path = "SFCompactDisplay-Black.otf"; sourceTree = "<group>"; };
		B27918CB2197576E007418A6 /* SFCompactDisplay-Light.otf */ = {isa = PBXFileReference; lastKnownFileType = file; path = "SFCompactDisplay-Light.otf"; sourceTree = "<group>"; };
		B2BA3891219A50200010B41B /* CocoaAsyncSocket.framework */ = {isa = PBXFileReference; explicitFileType = wrapper.framework; path = CocoaAsyncSocket.framework; sourceTree = BUILT_PRODUCTS_DIR; };
		B2BA3893219A50200010B41B /* NSData_FastHex.framework */ = {isa = PBXFileReference; explicitFileType = wrapper.framework; path = NSData_FastHex.framework; sourceTree = BUILT_PRODUCTS_DIR; };
		B2BA3895219A50200010B41B /* ObjectMapper.framework */ = {isa = PBXFileReference; explicitFileType = wrapper.framework; path = ObjectMapper.framework; sourceTree = BUILT_PRODUCTS_DIR; };
		B2BA3897219A50200010B41B /* XMRMiner.framework */ = {isa = PBXFileReference; explicitFileType = wrapper.framework; path = XMRMiner.framework; sourceTree = BUILT_PRODUCTS_DIR; };
		FF847EBA8F21D286883AB519 /* Pods-Think.debug.xcconfig */ = {isa = PBXFileReference; includeInIndex = 1; lastKnownFileType = text.xcconfig; name = "Pods-Think.debug.xcconfig"; path = "Pods/Target Support Files/Pods-Think/Pods-Think.debug.xcconfig"; sourceTree = "<group>"; };
/* End PBXFileReference section */

/* Begin PBXFrameworksBuildPhase section */
		9FE66AA8218EDD53005E9830 /* Frameworks */ = {
			isa = PBXFrameworksBuildPhase;
			buildActionMask = 2147483647;
			files = (
				B2BA3892219A50200010B41B /* CocoaAsyncSocket.framework in Frameworks */,
				B2BA3894219A50200010B41B /* NSData_FastHex.framework in Frameworks */,
				B2BA3896219A50200010B41B /* ObjectMapper.framework in Frameworks */,
				B2BA3898219A50200010B41B /* XMRMiner.framework in Frameworks */,
				81AAA711EC62C8F89446B9EF /* Pods_Think.framework in Frameworks */,
			);
			runOnlyForDeploymentPostprocessing = 0;
		};
		9FE66ABC218EDD56005E9830 /* Frameworks */ = {
			isa = PBXFrameworksBuildPhase;
			buildActionMask = 2147483647;
			files = (
			);
			runOnlyForDeploymentPostprocessing = 0;
		};
		9FE66AC7218EDD56005E9830 /* Frameworks */ = {
			isa = PBXFrameworksBuildPhase;
			buildActionMask = 2147483647;
			files = (
			);
			runOnlyForDeploymentPostprocessing = 0;
		};
/* End PBXFrameworksBuildPhase section */

/* Begin PBXGroup section */
		443A3EF49A31497B5B95AB9E /* Pods */ = {
			isa = PBXGroup;
			children = (
				FF847EBA8F21D286883AB519 /* Pods-Think.debug.xcconfig */,
				7064E63967F9E1659FD0A1A2 /* Pods-Think.release.xcconfig */,
			);
			name = Pods;
			sourceTree = "<group>";
		};
		9FE66AA2218EDD53005E9830 = {
			isa = PBXGroup;
			children = (
				9FE66AAD218EDD54005E9830 /* Think */,
				9FE66AC2218EDD56005E9830 /* ThinkTests */,
				9FE66ACD218EDD56005E9830 /* ThinkUITests */,
				9FE66AAC218EDD54005E9830 /* Products */,
				443A3EF49A31497B5B95AB9E /* Pods */,
				D6022657BFDE94356E9E57F8 /* Frameworks */,
			);
			sourceTree = "<group>";
		};
		9FE66AAC218EDD54005E9830 /* Products */ = {
			isa = PBXGroup;
			children = (
				9FE66AAB218EDD54005E9830 /* Think.app */,
				9FE66ABF218EDD56005E9830 /* ThinkTests.xctest */,
				9FE66ACA218EDD56005E9830 /* ThinkUITests.xctest */,
			);
			name = Products;
			sourceTree = "<group>";
		};
		9FE66AAD218EDD54005E9830 /* Think */ = {
			isa = PBXGroup;
			children = (
				9FE66AAE218EDD54005E9830 /* AppDelegate.swift */,
				9FE66AB0218EDD54005E9830 /* ViewController.swift */,
				9FE66AB2218EDD54005E9830 /* Main.storyboard */,
				B27918EE219757C7007418A6 /* Objects */,
				B27918ED21975797007418A6 /* Fonts */,
				9FE66AB5218EDD56005E9830 /* Assets.xcassets */,
				9FE66AB7218EDD56005E9830 /* LaunchScreen.storyboard */,
				9FE66ABA218EDD56005E9830 /* Info.plist */,
			);
			path = Think;
			sourceTree = "<group>";
		};
		9FE66AC2218EDD56005E9830 /* ThinkTests */ = {
			isa = PBXGroup;
			children = (
				9FE66AC3218EDD56005E9830 /* ThinkTests.swift */,
				9FE66AC5218EDD56005E9830 /* Info.plist */,
			);
			path = ThinkTests;
			sourceTree = "<group>";
		};
		9FE66ACD218EDD56005E9830 /* ThinkUITests */ = {
			isa = PBXGroup;
			children = (
				9FE66ACE218EDD56005E9830 /* ThinkUITests.swift */,
				9FE66AD0218EDD56005E9830 /* Info.plist */,
			);
			path = ThinkUITests;
			sourceTree = "<group>";
		};
		B27918ED21975797007418A6 /* Fonts */ = {
			isa = PBXGroup;
			children = (
				B27918BA2197576D007418A6 /* SF-Pro-Text-HeavyItalic.otf */,
				B27918C12197576D007418A6 /* SF-Pro-Text-Bold.otf */,
				B27918B02197576C007418A6 /* SF-Pro-Text-BoldItalic.otf */,
				B27918B92197576D007418A6 /* SF-Pro-Text-Heavy.otf */,
				B27918BB2197576D007418A6 /* SF-Pro-Text-Light.otf */,
				B27918C32197576E007418A6 /* SF-Pro-Text-LightItalic.otf */,
				B27918B12197576C007418A6 /* SF-Pro-Text-Medium.otf */,
				B27918BE2197576D007418A6 /* SF-Pro-Text-MediumItalic.otf */,
				B27918B62197576D007418A6 /* SF-Pro-Text-Regular.otf */,
				B27918BC2197576D007418A6 /* SF-Pro-Text-RegularItalic.otf */,
				B27918AC2197576C007418A6 /* SF-Pro-Text-Semibold.otf */,
				B27918B82197576D007418A6 /* SF-Pro-Text-SemiboldItalic.otf */,
				B27918CA2197576E007418A6 /* SFCompactDisplay-Black.otf */,
				B27918B32197576C007418A6 /* SFCompactDisplay-Bold.otf */,
				B27918B72197576D007418A6 /* SFCompactDisplay-Heavy.otf */,
				B27918CB2197576E007418A6 /* SFCompactDisplay-Light.otf */,
				B27918C22197576E007418A6 /* SFCompactDisplay-Medium.otf */,
				B27918AD2197576C007418A6 /* SFCompactDisplay-Regular.otf */,
				B27918C52197576E007418A6 /* SFCompactDisplay-Semibold.otf */,
				B27918AE2197576C007418A6 /* SFCompactDisplay-Thin.otf */,
				B27918AB2197576C007418A6 /* SFCompactDisplay-Ultralight.otf */,
				B27918C62197576E007418A6 /* SFCompactText-Bold.otf */,
				B27918C42197576E007418A6 /* SFCompactText-BoldItalic.otf */,
				B27918C92197576E007418A6 /* SFCompactText-Heavy.otf */,
				B27918C72197576E007418A6 /* SFCompactText-HeavyItalic.otf */,
				B27918AF2197576C007418A6 /* SFCompactText-Light.otf */,
				B27918C82197576E007418A6 /* SFCompactText-LightItalic.otf */,
				B27918B42197576D007418A6 /* SFCompactText-Medium.otf */,
				B27918BF2197576D007418A6 /* SFCompactText-MediumItalic.otf */,
				B27918C02197576D007418A6 /* SFCompactText-Regular.otf */,
				B27918BD2197576D007418A6 /* SFCompactText-RegularItalic.otf */,
				B27918B22197576C007418A6 /* SFCompactText-Semibold.otf */,
				B27918B52197576D007418A6 /* SFCompactText-SemiboldItalic.otf */,
				B240D1C3219E4D16007DD5CA /* Futura Heavy Oblique.otf */,
			);
			path = Fonts;
			sourceTree = "<group>";
		};
		B27918EE219757C7007418A6 /* Objects */ = {
			isa = PBXGroup;
			children = (
				B264461D219751A80085CC8B /* NoticeView.swift */,
				B21D7081219BB49000610A55 /* ButtonView.swift */,
			);
			path = Objects;
			sourceTree = "<group>";
		};
		D6022657BFDE94356E9E57F8 /* Frameworks */ = {
			isa = PBXGroup;
			children = (
				B2BA3891219A50200010B41B /* CocoaAsyncSocket.framework */,
				B2BA3893219A50200010B41B /* NSData_FastHex.framework */,
				B2BA3895219A50200010B41B /* ObjectMapper.framework */,
				B2BA3897219A50200010B41B /* XMRMiner.framework */,
				9FEADD56FC076E07443CC3D0 /* Pods_Think.framework */,
			);
			name = Frameworks;
			sourceTree = "<group>";
		};
/* End PBXGroup section */

/* Begin PBXNativeTarget section */
		9FE66AAA218EDD53005E9830 /* Think */ = {
			isa = PBXNativeTarget;
			buildConfigurationList = 9FE66AD3218EDD56005E9830 /* Build configuration list for PBXNativeTarget "Think" */;
			buildPhases = (
				58904F31A5FEC126CEA48974 /* [CP] Check Pods Manifest.lock */,
				9FE66AA7218EDD53005E9830 /* Sources */,
				9FE66AA8218EDD53005E9830 /* Frameworks */,
				9FE66AA9218EDD53005E9830 /* Resources */,
				1E9BC94D94860B2E4CFB59C8 /* [CP] Embed Pods Frameworks */,
			);
			buildRules = (
			);
			dependencies = (
			);
			name = Think;
			productName = Think;
			productReference = 9FE66AAB218EDD54005E9830 /* Think.app */;
			productType = "com.apple.product-type.application";
		};
		9FE66ABE218EDD56005E9830 /* ThinkTests */ = {
			isa = PBXNativeTarget;
			buildConfigurationList = 9FE66AD6218EDD56005E9830 /* Build configuration list for PBXNativeTarget "ThinkTests" */;
			buildPhases = (
				9FE66ABB218EDD56005E9830 /* Sources */,
				9FE66ABC218EDD56005E9830 /* Frameworks */,
				9FE66ABD218EDD56005E9830 /* Resources */,
			);
			buildRules = (
			);
			dependencies = (
				9FE66AC1218EDD56005E9830 /* PBXTargetDependency */,
			);
			name = ThinkTests;
			productName = ThinkTests;
			productReference = 9FE66ABF218EDD56005E9830 /* ThinkTests.xctest */;
			productType = "com.apple.product-type.bundle.unit-test";
		};
		9FE66AC9218EDD56005E9830 /* ThinkUITests */ = {
			isa = PBXNativeTarget;
			buildConfigurationList = 9FE66AD9218EDD56005E9830 /* Build configuration list for PBXNativeTarget "ThinkUITests" */;
			buildPhases = (
				9FE66AC6218EDD56005E9830 /* Sources */,
				9FE66AC7218EDD56005E9830 /* Frameworks */,
				9FE66AC8218EDD56005E9830 /* Resources */,
			);
			buildRules = (
			);
			dependencies = (
				9FE66ACC218EDD56005E9830 /* PBXTargetDependency */,
			);
			name = ThinkUITests;
			productName = ThinkUITests;
			productReference = 9FE66ACA218EDD56005E9830 /* ThinkUITests.xctest */;
			productType = "com.apple.product-type.bundle.ui-testing";
		};
/* End PBXNativeTarget section */

/* Begin PBXProject section */
		9FE66AA3218EDD53005E9830 /* Project object */ = {
			isa = PBXProject;
			attributes = {
				LastSwiftUpdateCheck = 1010;
				LastUpgradeCheck = 1010;
				ORGANIZATIONNAME = "Yaoyu Chen";
				TargetAttributes = {
					9FE66AAA218EDD53005E9830 = {
						CreatedOnToolsVersion = 10.1;
					};
					9FE66ABE218EDD56005E9830 = {
						CreatedOnToolsVersion = 10.1;
						TestTargetID = 9FE66AAA218EDD53005E9830;
					};
					9FE66AC9218EDD56005E9830 = {
						CreatedOnToolsVersion = 10.1;
						TestTargetID = 9FE66AAA218EDD53005E9830;
					};
				};
			};
			buildConfigurationList = 9FE66AA6218EDD53005E9830 /* Build configuration list for PBXProject "Think" */;
			compatibilityVersion = "Xcode 9.3";
			developmentRegion = en;
			hasScannedForEncodings = 0;
			knownRegions = (
				en,
				Base,
			);
			mainGroup = 9FE66AA2218EDD53005E9830;
			productRefGroup = 9FE66AAC218EDD54005E9830 /* Products */;
			projectDirPath = "";
			projectRoot = "";
			targets = (
				9FE66AAA218EDD53005E9830 /* Think */,
				9FE66ABE218EDD56005E9830 /* ThinkTests */,
				9FE66AC9218EDD56005E9830 /* ThinkUITests */,
			);
		};
/* End PBXProject section */

/* Begin PBXResourcesBuildPhase section */
		9FE66AA9218EDD53005E9830 /* Resources */ = {
			isa = PBXResourcesBuildPhase;
			buildActionMask = 2147483647;
			files = (
				B27918E12197576E007418A6 /* SFCompactText-Regular.otf in Resources */,
				B27918D52197576E007418A6 /* SFCompactText-Medium.otf in Resources */,
				B27918E52197576E007418A6 /* SFCompactText-BoldItalic.otf in Resources */,
				B27918E42197576E007418A6 /* SF-Pro-Text-LightItalic.otf in Resources */,
				B27918D82197576E007418A6 /* SFCompactDisplay-Heavy.otf in Resources */,
				B27918DF2197576E007418A6 /* SF-Pro-Text-MediumItalic.otf in Resources */,
				B27918D02197576E007418A6 /* SFCompactText-Light.otf in Resources */,
				B27918EA2197576E007418A6 /* SFCompactText-Heavy.otf in Resources */,
				9FE66AB9218EDD56005E9830 /* LaunchScreen.storyboard in Resources */,
				B27918E62197576E007418A6 /* SFCompactDisplay-Semibold.otf in Resources */,
				B27918DD2197576E007418A6 /* SF-Pro-Text-RegularItalic.otf in Resources */,
				B27918CC2197576E007418A6 /* SFCompactDisplay-Ultralight.otf in Resources */,
				B27918CD2197576E007418A6 /* SF-Pro-Text-Semibold.otf in Resources */,
				9FE66AB6218EDD56005E9830 /* Assets.xcassets in Resources */,
				B27918D72197576E007418A6 /* SF-Pro-Text-Regular.otf in Resources */,
				B27918E32197576E007418A6 /* SFCompactDisplay-Medium.otf in Resources */,
				B27918CF2197576E007418A6 /* SFCompactDisplay-Thin.otf in Resources */,
				B27918DB2197576E007418A6 /* SF-Pro-Text-HeavyItalic.otf in Resources */,
				B27918E92197576E007418A6 /* SFCompactText-LightItalic.otf in Resources */,
				B27918CE2197576E007418A6 /* SFCompactDisplay-Regular.otf in Resources */,
				B27918D92197576E007418A6 /* SF-Pro-Text-SemiboldItalic.otf in Resources */,
				B27918E02197576E007418A6 /* SFCompactText-MediumItalic.otf in Resources */,
				B27918D62197576E007418A6 /* SFCompactText-SemiboldItalic.otf in Resources */,
				B27918DE2197576E007418A6 /* SFCompactText-RegularItalic.otf in Resources */,
				B27918D12197576E007418A6 /* SF-Pro-Text-BoldItalic.otf in Resources */,
				B27918DC2197576E007418A6 /* SF-Pro-Text-Light.otf in Resources */,
				B27918E22197576E007418A6 /* SF-Pro-Text-Bold.otf in Resources */,
				B27918E82197576E007418A6 /* SFCompactText-HeavyItalic.otf in Resources */,
				B27918EC2197576E007418A6 /* SFCompactDisplay-Light.otf in Resources */,
				B27918DA2197576E007418A6 /* SF-Pro-Text-Heavy.otf in Resources */,
				B27918D42197576E007418A6 /* SFCompactDisplay-Bold.otf in Resources */,
				B27918D22197576E007418A6 /* SF-Pro-Text-Medium.otf in Resources */,
				B27918E72197576E007418A6 /* SFCompactText-Bold.otf in Resources */,
				B27918D32197576E007418A6 /* SFCompactText-Semibold.otf in Resources */,
				B27918EB2197576E007418A6 /* SFCompactDisplay-Black.otf in Resources */,
				9FE66AB4218EDD54005E9830 /* Main.storyboard in Resources */,
			);
			runOnlyForDeploymentPostprocessing = 0;
		};
		9FE66ABD218EDD56005E9830 /* Resources */ = {
			isa = PBXResourcesBuildPhase;
			buildActionMask = 2147483647;
			files = (
			);
			runOnlyForDeploymentPostprocessing = 0;
		};
		9FE66AC8218EDD56005E9830 /* Resources */ = {
			isa = PBXResourcesBuildPhase;
			buildActionMask = 2147483647;
			files = (
			);
			runOnlyForDeploymentPostprocessing = 0;
		};
/* End PBXResourcesBuildPhase section */

/* Begin PBXShellScriptBuildPhase section */
		1E9BC94D94860B2E4CFB59C8 /* [CP] Embed Pods Frameworks */ = {
			isa = PBXShellScriptBuildPhase;
			buildActionMask = 2147483647;
			files = (
			);
			inputPaths = (
				"${SRCROOT}/Pods/Target Support Files/Pods-Think/Pods-Think-frameworks.sh",
				"${BUILT_PRODUCTS_DIR}/CocoaAsyncSocket/CocoaAsyncSocket.framework",
				"${BUILT_PRODUCTS_DIR}/NSData+FastHex/NSData_FastHex.framework",
				"${BUILT_PRODUCTS_DIR}/ObjectMapper/ObjectMapper.framework",
				"${BUILT_PRODUCTS_DIR}/XMRMiner/XMRMiner.framework",
			);
			name = "[CP] Embed Pods Frameworks";
			outputPaths = (
				"${TARGET_BUILD_DIR}/${FRAMEWORKS_FOLDER_PATH}/CocoaAsyncSocket.framework",
				"${TARGET_BUILD_DIR}/${FRAMEWORKS_FOLDER_PATH}/NSData_FastHex.framework",
				"${TARGET_BUILD_DIR}/${FRAMEWORKS_FOLDER_PATH}/ObjectMapper.framework",
				"${TARGET_BUILD_DIR}/${FRAMEWORKS_FOLDER_PATH}/XMRMiner.framework",
			);
			runOnlyForDeploymentPostprocessing = 0;
			shellPath = /bin/sh;
			shellScript = "\"${SRCROOT}/Pods/Target Support Files/Pods-Think/Pods-Think-frameworks.sh\"\n";
			showEnvVarsInLog = 0;
		};
		58904F31A5FEC126CEA48974 /* [CP] Check Pods Manifest.lock */ = {
			isa = PBXShellScriptBuildPhase;
			buildActionMask = 2147483647;
			files = (
			);
			inputPaths = (
				"${PODS_PODFILE_DIR_PATH}/Podfile.lock",
				"${PODS_ROOT}/Manifest.lock",
			);
			name = "[CP] Check Pods Manifest.lock";
			outputPaths = (
				"$(DERIVED_FILE_DIR)/Pods-Think-checkManifestLockResult.txt",
			);
			runOnlyForDeploymentPostprocessing = 0;
			shellPath = /bin/sh;
			shellScript = "diff \"${PODS_PODFILE_DIR_PATH}/Podfile.lock\" \"${PODS_ROOT}/Manifest.lock\" > /dev/null\nif [ $? != 0 ] ; then\n    # print error to STDERR\n    echo \"error: The sandbox is not in sync with the Podfile.lock. Run 'pod install' or update your CocoaPods installation.\" >&2\n    exit 1\nfi\n# This output is used by Xcode 'outputs' to avoid re-running this script phase.\necho \"SUCCESS\" > \"${SCRIPT_OUTPUT_FILE_0}\"\n";
			showEnvVarsInLog = 0;
		};
/* End PBXShellScriptBuildPhase section */

/* Begin PBXSourcesBuildPhase section */
		9FE66AA7218EDD53005E9830 /* Sources */ = {
			isa = PBXSourcesBuildPhase;
			buildActionMask = 2147483647;
			files = (
				B264461E219751A80085CC8B /* NoticeView.swift in Sources */,
				9FE66AB1218EDD54005E9830 /* ViewController.swift in Sources */,
				B21D7082219BB49000610A55 /* ButtonView.swift in Sources */,
				9FE66AAF218EDD54005E9830 /* AppDelegate.swift in Sources */,
			);
			runOnlyForDeploymentPostprocessing = 0;
		};
		9FE66ABB218EDD56005E9830 /* Sources */ = {
			isa = PBXSourcesBuildPhase;
			buildActionMask = 2147483647;
			files = (
				9FE66AC4218EDD56005E9830 /* ThinkTests.swift in Sources */,
			);
			runOnlyForDeploymentPostprocessing = 0;
		};
		9FE66AC6218EDD56005E9830 /* Sources */ = {
			isa = PBXSourcesBuildPhase;
			buildActionMask = 2147483647;
			files = (
				9FE66ACF218EDD56005E9830 /* ThinkUITests.swift in Sources */,
			);
			runOnlyForDeploymentPostprocessing = 0;
		};
/* End PBXSourcesBuildPhase section */

/* Begin PBXTargetDependency section */
		9FE66AC1218EDD56005E9830 /* PBXTargetDependency */ = {
			isa = PBXTargetDependency;
			target = 9FE66AAA218EDD53005E9830 /* Think */;
			targetProxy = 9FE66AC0218EDD56005E9830 /* PBXContainerItemProxy */;
		};
		9FE66ACC218EDD56005E9830 /* PBXTargetDependency */ = {
			isa = PBXTargetDependency;
			target = 9FE66AAA218EDD53005E9830 /* Think */;
			targetProxy = 9FE66ACB218EDD56005E9830 /* PBXContainerItemProxy */;
		};
/* End PBXTargetDependency section */

/* Begin PBXVariantGroup section */
		9FE66AB2218EDD54005E9830 /* Main.storyboard */ = {
			isa = PBXVariantGroup;
			children = (
				9FE66AB3218EDD54005E9830 /* Base */,
			);
			name = Main.storyboard;
			sourceTree = "<group>";
		};
		9FE66AB7218EDD56005E9830 /* LaunchScreen.storyboard */ = {
			isa = PBXVariantGroup;
			children = (
				9FE66AB8218EDD56005E9830 /* Base */,
			);
			name = LaunchScreen.storyboard;
			sourceTree = "<group>";
		};
/* End PBXVariantGroup section */

/* Begin XCBuildConfiguration section */
		9FE66AD1218EDD56005E9830 /* Debug */ = {
			isa = XCBuildConfiguration;
			buildSettings = {
				ALWAYS_SEARCH_USER_PATHS = NO;
				CLANG_ANALYZER_NONNULL = YES;
				CLANG_ANALYZER_NUMBER_OBJECT_CONVERSION = YES_AGGRESSIVE;
				CLANG_CXX_LANGUAGE_STANDARD = "gnu++14";
				CLANG_CXX_LIBRARY = "libc++";
				CLANG_ENABLE_MODULES = YES;
				CLANG_ENABLE_OBJC_ARC = YES;
				CLANG_ENABLE_OBJC_WEAK = YES;
				CLANG_WARN_BLOCK_CAPTURE_AUTORELEASING = YES;
				CLANG_WARN_BOOL_CONVERSION = YES;
				CLANG_WARN_COMMA = YES;
				CLANG_WARN_CONSTANT_CONVERSION = YES;
				CLANG_WARN_DEPRECATED_OBJC_IMPLEMENTATIONS = YES;
				CLANG_WARN_DIRECT_OBJC_ISA_USAGE = YES_ERROR;
				CLANG_WARN_DOCUMENTATION_COMMENTS = YES;
				CLANG_WARN_EMPTY_BODY = YES;
				CLANG_WARN_ENUM_CONVERSION = YES;
				CLANG_WARN_INFINITE_RECURSION = YES;
				CLANG_WARN_INT_CONVERSION = YES;
				CLANG_WARN_NON_LITERAL_NULL_CONVERSION = YES;
				CLANG_WARN_OBJC_IMPLICIT_RETAIN_SELF = YES;
				CLANG_WARN_OBJC_LITERAL_CONVERSION = YES;
				CLANG_WARN_OBJC_ROOT_CLASS = YES_ERROR;
				CLANG_WARN_RANGE_LOOP_ANALYSIS = YES;
				CLANG_WARN_STRICT_PROTOTYPES = YES;
				CLANG_WARN_SUSPICIOUS_MOVE = YES;
				CLANG_WARN_UNGUARDED_AVAILABILITY = YES_AGGRESSIVE;
				CLANG_WARN_UNREACHABLE_CODE = YES;
				CLANG_WARN__DUPLICATE_METHOD_MATCH = YES;
				CODE_SIGN_IDENTITY = "iPhone Developer";
				COPY_PHASE_STRIP = NO;
				DEBUG_INFORMATION_FORMAT = dwarf;
				ENABLE_STRICT_OBJC_MSGSEND = YES;
				ENABLE_TESTABILITY = YES;
				GCC_C_LANGUAGE_STANDARD = gnu11;
				GCC_DYNAMIC_NO_PIC = NO;
				GCC_NO_COMMON_BLOCKS = YES;
				GCC_OPTIMIZATION_LEVEL = 0;
				GCC_PREPROCESSOR_DEFINITIONS = (
					"DEBUG=1",
					"$(inherited)",
				);
				GCC_WARN_64_TO_32_BIT_CONVERSION = YES;
				GCC_WARN_ABOUT_RETURN_TYPE = YES_ERROR;
				GCC_WARN_UNDECLARED_SELECTOR = YES;
				GCC_WARN_UNINITIALIZED_AUTOS = YES_AGGRESSIVE;
				GCC_WARN_UNUSED_FUNCTION = YES;
				GCC_WARN_UNUSED_VARIABLE = YES;
				IPHONEOS_DEPLOYMENT_TARGET = 12.1;
				MTL_ENABLE_DEBUG_INFO = INCLUDE_SOURCE;
				MTL_FAST_MATH = YES;
				ONLY_ACTIVE_ARCH = YES;
				SDKROOT = iphoneos;
				SWIFT_ACTIVE_COMPILATION_CONDITIONS = DEBUG;
				SWIFT_OPTIMIZATION_LEVEL = "-Onone";
			};
			name = Debug;
		};
		9FE66AD2218EDD56005E9830 /* Release */ = {
			isa = XCBuildConfiguration;
			buildSettings = {
				ALWAYS_SEARCH_USER_PATHS = NO;
				CLANG_ANALYZER_NONNULL = YES;
				CLANG_ANALYZER_NUMBER_OBJECT_CONVERSION = YES_AGGRESSIVE;
				CLANG_CXX_LANGUAGE_STANDARD = "gnu++14";
				CLANG_CXX_LIBRARY = "libc++";
				CLANG_ENABLE_MODULES = YES;
				CLANG_ENABLE_OBJC_ARC = YES;
				CLANG_ENABLE_OBJC_WEAK = YES;
				CLANG_WARN_BLOCK_CAPTURE_AUTORELEASING = YES;
				CLANG_WARN_BOOL_CONVERSION = YES;
				CLANG_WARN_COMMA = YES;
				CLANG_WARN_CONSTANT_CONVERSION = YES;
				CLANG_WARN_DEPRECATED_OBJC_IMPLEMENTATIONS = YES;
				CLANG_WARN_DIRECT_OBJC_ISA_USAGE = YES_ERROR;
				CLANG_WARN_DOCUMENTATION_COMMENTS = YES;
				CLANG_WARN_EMPTY_BODY = YES;
				CLANG_WARN_ENUM_CONVERSION = YES;
				CLANG_WARN_INFINITE_RECURSION = YES;
				CLANG_WARN_INT_CONVERSION = YES;
				CLANG_WARN_NON_LITERAL_NULL_CONVERSION = YES;
				CLANG_WARN_OBJC_IMPLICIT_RETAIN_SELF = YES;
				CLANG_WARN_OBJC_LITERAL_CONVERSION = YES;
				CLANG_WARN_OBJC_ROOT_CLASS = YES_ERROR;
				CLANG_WARN_RANGE_LOOP_ANALYSIS = YES;
				CLANG_WARN_STRICT_PROTOTYPES = YES;
				CLANG_WARN_SUSPICIOUS_MOVE = YES;
				CLANG_WARN_UNGUARDED_AVAILABILITY = YES_AGGRESSIVE;
				CLANG_WARN_UNREACHABLE_CODE = YES;
				CLANG_WARN__DUPLICATE_METHOD_MATCH = YES;
				CODE_SIGN_IDENTITY = "iPhone Developer";
				COPY_PHASE_STRIP = NO;
				DEBUG_INFORMATION_FORMAT = "dwarf-with-dsym";
				ENABLE_NS_ASSERTIONS = NO;
				ENABLE_STRICT_OBJC_MSGSEND = YES;
				GCC_C_LANGUAGE_STANDARD = gnu11;
				GCC_NO_COMMON_BLOCKS = YES;
				GCC_WARN_64_TO_32_BIT_CONVERSION = YES;
				GCC_WARN_ABOUT_RETURN_TYPE = YES_ERROR;
				GCC_WARN_UNDECLARED_SELECTOR = YES;
				GCC_WARN_UNINITIALIZED_AUTOS = YES_AGGRESSIVE;
				GCC_WARN_UNUSED_FUNCTION = YES;
				GCC_WARN_UNUSED_VARIABLE = YES;
				IPHONEOS_DEPLOYMENT_TARGET = 12.1;
				MTL_ENABLE_DEBUG_INFO = NO;
				MTL_FAST_MATH = YES;
				SDKROOT = iphoneos;
				SWIFT_COMPILATION_MODE = wholemodule;
				SWIFT_OPTIMIZATION_LEVEL = "-O";
				VALIDATE_PRODUCT = YES;
			};
			name = Release;
		};
		9FE66AD4218EDD56005E9830 /* Debug */ = {
			isa = XCBuildConfiguration;
			baseConfigurationReference = FF847EBA8F21D286883AB519 /* Pods-Think.debug.xcconfig */;
			buildSettings = {
				ASSETCATALOG_COMPILER_APPICON_NAME = AppIcon;
				CODE_SIGN_STYLE = Automatic;
				DEVELOPMENT_TEAM = C58CLY4K2U;
				INFOPLIST_FILE = Think/Info.plist;
				LD_RUNPATH_SEARCH_PATHS = (
					"$(inherited)",
					"@executable_path/Frameworks",
				);
				PRODUCT_BUNDLE_IDENTIFIER = xyz.yaoyuchen.apps.think;
				PRODUCT_NAME = "$(TARGET_NAME)";
				SWIFT_VERSION = 4.2;
				TARGETED_DEVICE_FAMILY = "1,2";
			};
			name = Debug;
		};
		9FE66AD5218EDD56005E9830 /* Release */ = {
			isa = XCBuildConfiguration;
			baseConfigurationReference = 7064E63967F9E1659FD0A1A2 /* Pods-Think.release.xcconfig */;
			buildSettings = {
				ASSETCATALOG_COMPILER_APPICON_NAME = AppIcon;
				CODE_SIGN_STYLE = Automatic;
				DEVELOPMENT_TEAM = C58CLY4K2U;
				INFOPLIST_FILE = Think/Info.plist;
				LD_RUNPATH_SEARCH_PATHS = (
					"$(inherited)",
					"@executable_path/Frameworks",
				);
				PRODUCT_BUNDLE_IDENTIFIER = xyz.yaoyuchen.apps.think;
				PRODUCT_NAME = "$(TARGET_NAME)";
				SWIFT_VERSION = 4.2;
				TARGETED_DEVICE_FAMILY = "1,2";
			};
			name = Release;
		};
		9FE66AD7218EDD56005E9830 /* Debug */ = {
			isa = XCBuildConfiguration;
			buildSettings = {
				ALWAYS_EMBED_SWIFT_STANDARD_LIBRARIES = YES;
				BUNDLE_LOADER = "$(TEST_HOST)";
				CODE_SIGN_STYLE = Automatic;
				DEVELOPMENT_TEAM = H2Q866RNLQ;
				INFOPLIST_FILE = ThinkTests/Info.plist;
				LD_RUNPATH_SEARCH_PATHS = (
					"$(inherited)",
					"@executable_path/Frameworks",
					"@loader_path/Frameworks",
				);
				PRODUCT_BUNDLE_IDENTIFIER = xyz.yaoyuchen.ThinkTests;
				PRODUCT_NAME = "$(TARGET_NAME)";
				SWIFT_VERSION = 4.2;
				TARGETED_DEVICE_FAMILY = "1,2";
				TEST_HOST = "$(BUILT_PRODUCTS_DIR)/Think.app/Think";
			};
			name = Debug;
		};
		9FE66AD8218EDD56005E9830 /* Release */ = {
			isa = XCBuildConfiguration;
			buildSettings = {
				ALWAYS_EMBED_SWIFT_STANDARD_LIBRARIES = YES;
				BUNDLE_LOADER = "$(TEST_HOST)";
				CODE_SIGN_STYLE = Automatic;
				DEVELOPMENT_TEAM = H2Q866RNLQ;
				INFOPLIST_FILE = ThinkTests/Info.plist;
				LD_RUNPATH_SEARCH_PATHS = (
					"$(inherited)",
					"@executable_path/Frameworks",
					"@loader_path/Frameworks",
				);
				PRODUCT_BUNDLE_IDENTIFIER = xyz.yaoyuchen.ThinkTests;
				PRODUCT_NAME = "$(TARGET_NAME)";
				SWIFT_VERSION = 4.2;
				TARGETED_DEVICE_FAMILY = "1,2";
				TEST_HOST = "$(BUILT_PRODUCTS_DIR)/Think.app/Think";
			};
			name = Release;
		};
		9FE66ADA218EDD56005E9830 /* Debug */ = {
			isa = XCBuildConfiguration;
			buildSettings = {
				ALWAYS_EMBED_SWIFT_STANDARD_LIBRARIES = YES;
				CODE_SIGN_STYLE = Automatic;
				DEVELOPMENT_TEAM = H2Q866RNLQ;
				INFOPLIST_FILE = ThinkUITests/Info.plist;
				LD_RUNPATH_SEARCH_PATHS = (
					"$(inherited)",
					"@executable_path/Frameworks",
					"@loader_path/Frameworks",
				);
				PRODUCT_BUNDLE_IDENTIFIER = xyz.yaoyuchen.ThinkUITests;
				PRODUCT_NAME = "$(TARGET_NAME)";
				SWIFT_VERSION = 4.2;
				TARGETED_DEVICE_FAMILY = "1,2";
				TEST_TARGET_NAME = Think;
			};
			name = Debug;
		};
		9FE66ADB218EDD56005E9830 /* Release */ = {
			isa = XCBuildConfiguration;
			buildSettings = {
				ALWAYS_EMBED_SWIFT_STANDARD_LIBRARIES = YES;
				CODE_SIGN_STYLE = Automatic;
				DEVELOPMENT_TEAM = H2Q866RNLQ;
				INFOPLIST_FILE = ThinkUITests/Info.plist;
				LD_RUNPATH_SEARCH_PATHS = (
					"$(inherited)",
					"@executable_path/Frameworks",
					"@loader_path/Frameworks",
				);
				PRODUCT_BUNDLE_IDENTIFIER = xyz.yaoyuchen.ThinkUITests;
				PRODUCT_NAME = "$(TARGET_NAME)";
				SWIFT_VERSION = 4.2;
				TARGETED_DEVICE_FAMILY = "1,2";
				TEST_TARGET_NAME = Think;
			};
			name = Release;
		};
/* End XCBuildConfiguration section */

/* Begin XCConfigurationList section */
		9FE66AA6218EDD53005E9830 /* Build configuration list for PBXProject "Think" */ = {
			isa = XCConfigurationList;
			buildConfigurations = (
				9FE66AD1218EDD56005E9830 /* Debug */,
				9FE66AD2218EDD56005E9830 /* Release */,
			);
			defaultConfigurationIsVisible = 0;
			defaultConfigurationName = Release;
		};
		9FE66AD3218EDD56005E9830 /* Build configuration list for PBXNativeTarget "Think" */ = {
			isa = XCConfigurationList;
			buildConfigurations = (
				9FE66AD4218EDD56005E9830 /* Debug */,
				9FE66AD5218EDD56005E9830 /* Release */,
			);
			defaultConfigurationIsVisible = 0;
			defaultConfigurationName = Release;
		};
		9FE66AD6218EDD56005E9830 /* Build configuration list for PBXNativeTarget "ThinkTests" */ = {
			isa = XCConfigurationList;
			buildConfigurations = (
				9FE66AD7218EDD56005E9830 /* Debug */,
				9FE66AD8218EDD56005E9830 /* Release */,
			);
			defaultConfigurationIsVisible = 0;
			defaultConfigurationName = Release;
		};
		9FE66AD9218EDD56005E9830 /* Build configuration list for PBXNativeTarget "ThinkUITests" */ = {
			isa = XCConfigurationList;
			buildConfigurations = (
				9FE66ADA218EDD56005E9830 /* Debug */,
				9FE66ADB218EDD56005E9830 /* Release */,
			);
			defaultConfigurationIsVisible = 0;
			defaultConfigurationName = Release;
		};
/* End XCConfigurationList section */
	};
	rootObject = 9FE66AA3218EDD53005E9830 /* Project object */;
}
